
Microsoft Visual Studio Solution File, Format Version 12.00
Project("{FAE04EC0-301F-11D3-BF4B-00C04F79EFBC}") = "DiningFilosophers", "DiningFilosophers\DiningFilosophers.csproj", "{34AC301D-74F9-4E20-BADF-351543BE4638}"
EndProject
Global
	GlobalSection(SolutionConfigurationPlatforms) = preSolution
		Debug|Any CPU = Debug|Any CPU
		Release|Any CPU = Release|Any CPU
	EndGlobalSection
	GlobalSection(ProjectConfigurationPlatforms) = postSolution
		{34AC301D-74F9-4E20-BADF-351543BE4638}.Debug|Any CPU.ActiveCfg = Debug|Any CPU
		{34AC301D-74F9-4E20-BADF-351543BE4638}.Debug|Any CPU.Build.0 = Debug|Any CPU
		{34AC301D-74F9-4E20-BADF-351543BE4638}.Release|Any CPU.ActiveCfg = Release|Any CPU
		{34AC301D-74F9-4E20-BADF-351543BE4638}.Release|Any CPU.Build.0 = Release|Any CPU
	EndGlobalSection
EndGlobal
